
Microsoft Visual Studio Solution File, Format Version 12.00
# Visual Studio 14
VisualStudioVersion = 14.0.23107.0
MinimumVisualStudioVersion = 10.0.40219.1
Project("{FAE04EC0-301F-11D3-BF4B-00C04F79EFBC}") = "EmployeeService", "EmployeeService\EmployeeService.csproj", "{5FA4EFD7-379B-4C30-A1EA-8B85E8149BD9}"
EndProject
Project("{FAE04EC0-301F-11D3-BF4B-00C04F79EFBC}") = "Loguer", "Loguer\Loguer.csproj", "{49801DD1-F8CA-4E82-B879-BA87E9C1CE34}"
EndProject
Project("{FAE04EC0-301F-11D3-BF4B-00C04F79EFBC}") = "EmployeeServiceLocalHost", "EmployeeServiceLocalHost\EmployeeServiceLocalHost.csproj", "{CF1F74D5-7829-4BF3-8B30-6812ECB24764}"
EndProject
Project("{FAE04EC0-301F-11D3-BF4B-00C04F79EFBC}") = "Serialization", "Serialization\Serialization.csproj", "{F8B749AC-D713-492A-9682-00C2866CF81C}"
EndProject
Project("{FAE04EC0-301F-11D3-BF4B-00C04F79EFBC}") = "EmployeeWPFClient", "EmployeeWPFClient\EmployeeWPFClient.csproj", "{447DF992-CFFE-4379-8B7F-F3B4AAA0762C}"
EndProject
Project("{FAE04EC0-301F-11D3-BF4B-00C04F79EFBC}") = "MongoDBTest", "MongoDBTest\MongoDBTest.csproj", "{06E46C34-F952-43EB-BBF5-DE19A44C2173}"
EndProject
Project("{FAE04EC0-301F-11D3-BF4B-00C04F79EFBC}") = "MVVMPrismProject", "MVVMPrismProject\MVVMPrismProject.csproj", "{8FECE6A5-1E26-43AB-9785-D7FF2B9C88B1}"
EndProject
Project("{FAE04EC0-301F-11D3-BF4B-00C04F79EFBC}") = "PrismProjectMVVM2", "PrismProjectMVVM2\PrismProjectMVVM2.csproj", "{FC899B31-E6B4-4106-9FD1-082BF4D91882}"
EndProject
Project("{FAE04EC0-301F-11D3-BF4B-00C04F79EFBC}") = "ProjectPismMVVMRelease", "ProjectPismMVVMRelease\ProjectPismMVVMRelease.csproj", "{AD73BC6F-2F7B-4F8E-8F4D-F451D167AA87}"
EndProject
Project("{FAE04EC0-301F-11D3-BF4B-00C04F79EFBC}") = "WebServiceEmployee", "WebServiceEmployee\WebServiceEmployee.csproj", "{7A3C3D47-B37B-4021-BFB4-FCE5871308CE}"
EndProject
Project("{FAE04EC0-301F-11D3-BF4B-00C04F79EFBC}") = "WebServiceEmployeeWPFClient", "WebServiceEmployeeWPFClient\WebServiceEmployeeWPFClient.csproj", "{844C30DE-95DE-407E-B2CC-3D7DE6FFD988}"
	ProjectSection(ProjectDependencies) = postProject
		{7A3C3D47-B37B-4021-BFB4-FCE5871308CE} = {7A3C3D47-B37B-4021-BFB4-FCE5871308CE}
	EndProjectSection
EndProject
Project("{FAE04EC0-301F-11D3-BF4B-00C04F79EFBC}") = "WebServiceWebClientProject", "WebServiceWebClientProject\WebServiceWebClientProject.csproj", "{F1494A18-A7A6-4975-9606-AC4D97AC5F03}"
	ProjectSection(ProjectDependencies) = postProject
		{7A3C3D47-B37B-4021-BFB4-FCE5871308CE} = {7A3C3D47-B37B-4021-BFB4-FCE5871308CE}
	EndProjectSection
EndProject
Global
	GlobalSection(SolutionConfigurationPlatforms) = preSolution
		Debug|Any CPU = Debug|Any CPU
		Release|Any CPU = Release|Any CPU
	EndGlobalSection
	GlobalSection(ProjectConfigurationPlatforms) = postSolution
		{5FA4EFD7-379B-4C30-A1EA-8B85E8149BD9}.Debug|Any CPU.ActiveCfg = Debug|Any CPU
		{5FA4EFD7-379B-4C30-A1EA-8B85E8149BD9}.Debug|Any CPU.Build.0 = Debug|Any CPU
		{5FA4EFD7-379B-4C30-A1EA-8B85E8149BD9}.Release|Any CPU.ActiveCfg = Release|Any CPU
		{5FA4EFD7-379B-4C30-A1EA-8B85E8149BD9}.Release|Any CPU.Build.0 = Release|Any CPU
		{49801DD1-F8CA-4E82-B879-BA87E9C1CE34}.Debug|Any CPU.ActiveCfg = Debug|Any CPU
		{49801DD1-F8CA-4E82-B879-BA87E9C1CE34}.Debug|Any CPU.Build.0 = Debug|Any CPU
		{49801DD1-F8CA-4E82-B879-BA87E9C1CE34}.Release|Any CPU.ActiveCfg = Release|Any CPU
		{49801DD1-F8CA-4E82-B879-BA87E9C1CE34}.Release|Any CPU.Build.0 = Release|Any CPU
		{CF1F74D5-7829-4BF3-8B30-6812ECB24764}.Debug|Any CPU.ActiveCfg = Debug|Any CPU
		{CF1F74D5-7829-4BF3-8B30-6812ECB24764}.Debug|Any CPU.Build.0 = Debug|Any CPU
		{CF1F74D5-7829-4BF3-8B30-6812ECB24764}.Release|Any CPU.ActiveCfg = Release|Any CPU
		{CF1F74D5-7829-4BF3-8B30-6812ECB24764}.Release|Any CPU.Build.0 = Release|Any CPU
		{F8B749AC-D713-492A-9682-00C2866CF81C}.Debug|Any CPU.ActiveCfg = Debug|Any CPU
		{F8B749AC-D713-492A-9682-00C2866CF81C}.Debug|Any CPU.Build.0 = Debug|Any CPU
		{F8B749AC-D713-492A-9682-00C2866CF81C}.Release|Any CPU.ActiveCfg = Release|Any CPU
		{F8B749AC-D713-492A-9682-00C2866CF81C}.Release|Any CPU.Build.0 = Release|Any CPU
		{447DF992-CFFE-4379-8B7F-F3B4AAA0762C}.Debug|Any CPU.ActiveCfg = Debug|Any CPU
		{447DF992-CFFE-4379-8B7F-F3B4AAA0762C}.Debug|Any CPU.Build.0 = Debug|Any CPU
		{447DF992-CFFE-4379-8B7F-F3B4AAA0762C}.Release|Any CPU.ActiveCfg = Release|Any CPU
		{447DF992-CFFE-4379-8B7F-F3B4AAA0762C}.Release|Any CPU.Build.0 = Release|Any CPU
		{06E46C34-F952-43EB-BBF5-DE19A44C2173}.Debug|Any CPU.ActiveCfg = Debug|Any CPU
		{06E46C34-F952-43EB-BBF5-DE19A44C2173}.Debug|Any CPU.Build.0 = Debug|Any CPU
		{06E46C34-F952-43EB-BBF5-DE19A44C2173}.Release|Any CPU.ActiveCfg = Release|Any CPU
		{06E46C34-F952-43EB-BBF5-DE19A44C2173}.Release|Any CPU.Build.0 = Release|Any CPU
		{8FECE6A5-1E26-43AB-9785-D7FF2B9C88B1}.Debug|Any CPU.ActiveCfg = Debug|Any CPU
		{8FECE6A5-1E26-43AB-9785-D7FF2B9C88B1}.Debug|Any CPU.Build.0 = Debug|Any CPU
		{8FECE6A5-1E26-43AB-9785-D7FF2B9C88B1}.Release|Any CPU.ActiveCfg = Release|Any CPU
		{8FECE6A5-1E26-43AB-9785-D7FF2B9C88B1}.Release|Any CPU.Build.0 = Release|Any CPU
		{FC899B31-E6B4-4106-9FD1-082BF4D91882}.Debug|Any CPU.ActiveCfg = Debug|Any CPU
		{FC899B31-E6B4-4106-9FD1-082BF4D91882}.Debug|Any CPU.Build.0 = Debug|Any CPU
		{FC899B31-E6B4-4106-9FD1-082BF4D91882}.Release|Any CPU.ActiveCfg = Release|Any CPU
		{FC899B31-E6B4-4106-9FD1-082BF4D91882}.Release|Any CPU.Build.0 = Release|Any CPU
		{AD73BC6F-2F7B-4F8E-8F4D-F451D167AA87}.Debug|Any CPU.ActiveCfg = Debug|Any CPU
		{AD73BC6F-2F7B-4F8E-8F4D-F451D167AA87}.Debug|Any CPU.Build.0 = Debug|Any CPU
		{AD73BC6F-2F7B-4F8E-8F4D-F451D167AA87}.Release|Any CPU.ActiveCfg = Release|Any CPU
		{AD73BC6F-2F7B-4F8E-8F4D-F451D167AA87}.Release|Any CPU.Build.0 = Release|Any CPU
		{7A3C3D47-B37B-4021-BFB4-FCE5871308CE}.Debug|Any CPU.ActiveCfg = Debug|Any CPU
		{7A3C3D47-B37B-4021-BFB4-FCE5871308CE}.Debug|Any CPU.Build.0 = Debug|Any CPU
		{7A3C3D47-B37B-4021-BFB4-FCE5871308CE}.Release|Any CPU.ActiveCfg = Release|Any CPU
		{7A3C3D47-B37B-4021-BFB4-FCE5871308CE}.Release|Any CPU.Build.0 = Release|Any CPU
		{844C30DE-95DE-407E-B2CC-3D7DE6FFD988}.Debug|Any CPU.ActiveCfg = Debug|Any CPU
		{844C30DE-95DE-407E-B2CC-3D7DE6FFD988}.Debug|Any CPU.Build.0 = Debug|Any CPU
		{844C30DE-95DE-407E-B2CC-3D7DE6FFD988}.Release|Any CPU.ActiveCfg = Release|Any CPU
		{844C30DE-95DE-407E-B2CC-3D7DE6FFD988}.Release|Any CPU.Build.0 = Release|Any CPU
		{F1494A18-A7A6-4975-9606-AC4D97AC5F03}.Debug|Any CPU.ActiveCfg = Debug|Any CPU
		{F1494A18-A7A6-4975-9606-AC4D97AC5F03}.Debug|Any CPU.Build.0 = Debug|Any CPU
		{F1494A18-A7A6-4975-9606-AC4D97AC5F03}.Release|Any CPU.ActiveCfg = Release|Any CPU
		{F1494A18-A7A6-4975-9606-AC4D97AC5F03}.Release|Any CPU.Build.0 = Release|Any CPU
	EndGlobalSection
	GlobalSection(SolutionProperties) = preSolution
		HideSolutionNode = FALSE
	EndGlobalSection
EndGlobal
